
Microsoft Visual Studio Solution File, Format Version 11.00
# Visual Studio 2010
Project("{FAE04EC0-301F-11D3-BF4B-00C04F79EFBC}") = "himalaya", "Assembly-CSharp.csproj", "{3C093858-70F6-F1C4-4FFB-3F62CB8AC6D6}"
EndProject
Project("{FAE04EC0-301F-11D3-BF4B-00C04F79EFBC}") = "himalaya", "Assembly-CSharp-Editor.csproj", "{BA4556B1-022B-9AE7-7115-A4E5F4BC0DF1}"
EndProject
Global
	GlobalSection(SolutionConfigurationPlatforms) = preSolution
		Debug|Any CPU = Debug|Any CPU
		Release|Any CPU = Release|Any CPU
	EndGlobalSection
	GlobalSection(ProjectConfigurationPlatforms) = postSolution
		{3C093858-70F6-F1C4-4FFB-3F62CB8AC6D6}.Debug|Any CPU.ActiveCfg = Debug|Any CPU
		{3C093858-70F6-F1C4-4FFB-3F62CB8AC6D6}.Debug|Any CPU.Build.0 = Debug|Any CPU
		{3C093858-70F6-F1C4-4FFB-3F62CB8AC6D6}.Release|Any CPU.ActiveCfg = Release|Any CPU
		{3C093858-70F6-F1C4-4FFB-3F62CB8AC6D6}.Release|Any CPU.Build.0 = Release|Any CPU
		{BA4556B1-022B-9AE7-7115-A4E5F4BC0DF1}.Debug|Any CPU.ActiveCfg = Debug|Any CPU
		{BA4556B1-022B-9AE7-7115-A4E5F4BC0DF1}.Debug|Any CPU.Build.0 = Debug|Any CPU
		{BA4556B1-022B-9AE7-7115-A4E5F4BC0DF1}.Release|Any CPU.ActiveCfg = Release|Any CPU
		{BA4556B1-022B-9AE7-7115-A4E5F4BC0DF1}.Release|Any CPU.Build.0 = Release|Any CPU
	EndGlobalSection
	GlobalSection(SolutionProperties) = preSolution
		HideSolutionNode = FALSE
	EndGlobalSection
	GlobalSection(MonoDevelopProperties) = preSolution
		StartupItem = Assembly-CSharp.csproj
	EndGlobalSection
EndGlobal
